
Microsoft Visual Studio Solution File, Format Version 12.00
# Visual Studio 2013
VisualStudioVersion = 12.0.30110.0
MinimumVisualStudioVersion = 10.0.40219.1
Project("{FAE04EC0-301F-11D3-BF4B-00C04F79EFBC}") = "MusicSync", "MusicSync\MusicSync.csproj", "{B228AC22-8324-46E1-BD7C-91EFB85E2360}"
EndProject
Project("{FAE04EC0-301F-11D3-BF4B-00C04F79EFBC}") = "TestsAdvanced", "TestsAdvanced\TestsAdvanced.csproj", "{C1959BE4-9F4E-4BA6-B7FB-40E30FE44652}"
EndProject
Project("{FAE04EC0-301F-11D3-BF4B-00C04F79EFBC}") = "Tests", "Tests\Tests.csproj", "{FC5D95FD-D5BA-48BD-869A-97306A237B9C}"
EndProject
Project("{FAE04EC0-301F-11D3-BF4B-00C04F79EFBC}") = "MusicSyncTests", "MusicSyncTests\MusicSyncTests.csproj", "{75E3641F-EF86-42FD-83D9-0A0136A1390E}"
EndProject
Global
	GlobalSection(SolutionConfigurationPlatforms) = preSolution
		Debug|Any CPU = Debug|Any CPU
		Debug|x64 = Debug|x64
		Debug|x86 = Debug|x86
		Release|Any CPU = Release|Any CPU
		Release|x64 = Release|x64
		Release|x86 = Release|x86
	EndGlobalSection
	GlobalSection(ProjectConfigurationPlatforms) = postSolution
		{B228AC22-8324-46E1-BD7C-91EFB85E2360}.Debug|Any CPU.ActiveCfg = Debug|Any CPU
		{B228AC22-8324-46E1-BD7C-91EFB85E2360}.Debug|Any CPU.Build.0 = Debug|Any CPU
		{B228AC22-8324-46E1-BD7C-91EFB85E2360}.Debug|x64.ActiveCfg = Debug|Any CPU
		{B228AC22-8324-46E1-BD7C-91EFB85E2360}.Debug|x86.ActiveCfg = Debug|Any CPU
		{B228AC22-8324-46E1-BD7C-91EFB85E2360}.Release|Any CPU.ActiveCfg = Release|Any CPU
		{B228AC22-8324-46E1-BD7C-91EFB85E2360}.Release|Any CPU.Build.0 = Release|Any CPU
		{B228AC22-8324-46E1-BD7C-91EFB85E2360}.Release|x64.ActiveCfg = Release|Any CPU
		{B228AC22-8324-46E1-BD7C-91EFB85E2360}.Release|x86.ActiveCfg = Release|Any CPU
		{C1959BE4-9F4E-4BA6-B7FB-40E30FE44652}.Debug|Any CPU.ActiveCfg = Debug|Any CPU
		{C1959BE4-9F4E-4BA6-B7FB-40E30FE44652}.Debug|Any CPU.Build.0 = Debug|Any CPU
		{C1959BE4-9F4E-4BA6-B7FB-40E30FE44652}.Debug|x64.ActiveCfg = Debug|Any CPU
		{C1959BE4-9F4E-4BA6-B7FB-40E30FE44652}.Debug|x86.ActiveCfg = Debug|Any CPU
		{C1959BE4-9F4E-4BA6-B7FB-40E30FE44652}.Release|Any CPU.ActiveCfg = Release|Any CPU
		{C1959BE4-9F4E-4BA6-B7FB-40E30FE44652}.Release|Any CPU.Build.0 = Release|Any CPU
		{C1959BE4-9F4E-4BA6-B7FB-40E30FE44652}.Release|x64.ActiveCfg = Release|Any CPU
		{C1959BE4-9F4E-4BA6-B7FB-40E30FE44652}.Release|x86.ActiveCfg = Release|Any CPU
		{FC5D95FD-D5BA-48BD-869A-97306A237B9C}.Debug|Any CPU.ActiveCfg = Debug|Any CPU
		{FC5D95FD-D5BA-48BD-869A-97306A237B9C}.Debug|Any CPU.Build.0 = Debug|Any CPU
		{FC5D95FD-D5BA-48BD-869A-97306A237B9C}.Debug|x64.ActiveCfg = Debug|Any CPU
		{FC5D95FD-D5BA-48BD-869A-97306A237B9C}.Debug|x86.ActiveCfg = Debug|Any CPU
		{FC5D95FD-D5BA-48BD-869A-97306A237B9C}.Release|Any CPU.ActiveCfg = Release|Any CPU
		{FC5D95FD-D5BA-48BD-869A-97306A237B9C}.Release|Any CPU.Build.0 = Release|Any CPU
		{FC5D95FD-D5BA-48BD-869A-97306A237B9C}.Release|x64.ActiveCfg = Release|Any CPU
		{FC5D95FD-D5BA-48BD-869A-97306A237B9C}.Release|x86.ActiveCfg = Release|Any CPU
		{75E3641F-EF86-42FD-83D9-0A0136A1390E}.Debug|Any CPU.ActiveCfg = Debug|Any CPU
		{75E3641F-EF86-42FD-83D9-0A0136A1390E}.Debug|Any CPU.Build.0 = Debug|Any CPU
		{75E3641F-EF86-42FD-83D9-0A0136A1390E}.Debug|x64.ActiveCfg = Debug|Any CPU
		{75E3641F-EF86-42FD-83D9-0A0136A1390E}.Debug|x86.ActiveCfg = Debug|Any CPU
		{75E3641F-EF86-42FD-83D9-0A0136A1390E}.Release|Any CPU.ActiveCfg = Release|Any CPU
		{75E3641F-EF86-42FD-83D9-0A0136A1390E}.Release|Any CPU.Build.0 = Release|Any CPU
		{75E3641F-EF86-42FD-83D9-0A0136A1390E}.Release|x64.ActiveCfg = Release|Any CPU
		{75E3641F-EF86-42FD-83D9-0A0136A1390E}.Release|x86.ActiveCfg = Release|Any CPU
	EndGlobalSection
	GlobalSection(SolutionProperties) = preSolution
		HideSolutionNode = FALSE
	EndGlobalSection
EndGlobal
