
Microsoft Visual Studio Solution File, Format Version 12.00
# Visual Studio 2013
VisualStudioVersion = 12.0.30110.0
MinimumVisualStudioVersion = 10.0.40219.1
Project("{888888A0-9F3D-457C-B088-3A5042F75D52}") = "PythonApplication1", "PythonApplication1\PythonApplication1.pyproj", "{AA94152A-6AB0-455A-A54D-DD95F26F7629}"
EndProject
Project("{888888A0-9F3D-457C-B088-3A5042F75D52}") = "KelevedHomeworkTwo", "KelevedHomeworkTwo\KelevedHomeworkTwo.pyproj", "{B1B4F284-2493-49AD-8E18-24D3F7D628DE}"
EndProject
Project("{888888A0-9F3D-457C-B088-3A5042F75D52}") = "KeleveHomeworkThree", "KeleveHomeworkThree\KeleveHomeworkThree.pyproj", "{F44559FF-1A6D-4F05-B83E-710CC86A6202}"
EndProject
Global
	GlobalSection(SolutionConfigurationPlatforms) = preSolution
		Debug|Any CPU = Debug|Any CPU
		Release|Any CPU = Release|Any CPU
	EndGlobalSection
	GlobalSection(ProjectConfigurationPlatforms) = postSolution
		{AA94152A-6AB0-455A-A54D-DD95F26F7629}.Debug|Any CPU.ActiveCfg = Debug|Any CPU
		{AA94152A-6AB0-455A-A54D-DD95F26F7629}.Debug|Any CPU.Build.0 = Debug|Any CPU
		{AA94152A-6AB0-455A-A54D-DD95F26F7629}.Release|Any CPU.ActiveCfg = Release|Any CPU
		{AA94152A-6AB0-455A-A54D-DD95F26F7629}.Release|Any CPU.Build.0 = Release|Any CPU
		{B1B4F284-2493-49AD-8E18-24D3F7D628DE}.Debug|Any CPU.ActiveCfg = Debug|Any CPU
		{B1B4F284-2493-49AD-8E18-24D3F7D628DE}.Debug|Any CPU.Build.0 = Debug|Any CPU
		{B1B4F284-2493-49AD-8E18-24D3F7D628DE}.Release|Any CPU.ActiveCfg = Release|Any CPU
		{B1B4F284-2493-49AD-8E18-24D3F7D628DE}.Release|Any CPU.Build.0 = Release|Any CPU
		{F44559FF-1A6D-4F05-B83E-710CC86A6202}.Debug|Any CPU.ActiveCfg = Debug|Any CPU
		{F44559FF-1A6D-4F05-B83E-710CC86A6202}.Debug|Any CPU.Build.0 = Debug|Any CPU
		{F44559FF-1A6D-4F05-B83E-710CC86A6202}.Release|Any CPU.ActiveCfg = Release|Any CPU
		{F44559FF-1A6D-4F05-B83E-710CC86A6202}.Release|Any CPU.Build.0 = Release|Any CPU
	EndGlobalSection
	GlobalSection(SolutionProperties) = preSolution
		HideSolutionNode = FALSE
	EndGlobalSection
EndGlobal
